
Microsoft Visual Studio Solution File, Format Version 12.00
# Visual Studio 15
VisualStudioVersion = 15.0.28307.852
MinimumVisualStudioVersion = 10.0.40219.1
Project("{9A19103F-16F7-4668-BE54-9A1E7A4F7556}") = "EBookStore.Api", "EBookStore.Api\EBookStore.Api.csproj", "{54F4FF8A-0053-4B05-B534-8A78C90804A3}"
EndProject
Project("{9A19103F-16F7-4668-BE54-9A1E7A4F7556}") = "EBookStore.Persistence", "EBookStore.Persistence\EBookStore.Persistence.csproj", "{5270DD5A-5629-4603-899F-3C87AE7345DF}"
EndProject
Project("{9A19103F-16F7-4668-BE54-9A1E7A4F7556}") = "EBookStore.Application", "EBookStore.Application\EBookStore.Application.csproj", "{A69408BB-FB99-4FFA-AB1E-C75445D26D32}"
EndProject
Project("{9A19103F-16F7-4668-BE54-9A1E7A4F7556}") = "EBookStore.Application.Test", "EBookStore.Application.Test\EBookStore.Application.Test.csproj", "{EC22FC37-8108-4C17-AD57-C6A4A947A800}"
EndProject
Project("{9A19103F-16F7-4668-BE54-9A1E7A4F7556}") = "EBookStore.Repository", "EBookStore.Repository\EBookStore.Repository.csproj", "{634CE467-CC39-4096-BEC2-C801EC2CC20E}"
EndProject
Project("{9A19103F-16F7-4668-BE54-9A1E7A4F7556}") = "EBookStore.Api.IntegrationTest", "EBookStore.Api.IntegrationTest\EBookStore.Api.IntegrationTest.csproj", "{9040BE51-380F-4376-A403-BEDF2A6E12C8}"
EndProject
Global
	GlobalSection(SolutionConfigurationPlatforms) = preSolution
		Debug|Any CPU = Debug|Any CPU
		Release|Any CPU = Release|Any CPU
	EndGlobalSection
	GlobalSection(ProjectConfigurationPlatforms) = postSolution
		{54F4FF8A-0053-4B05-B534-8A78C90804A3}.Debug|Any CPU.ActiveCfg = Debug|Any CPU
		{54F4FF8A-0053-4B05-B534-8A78C90804A3}.Debug|Any CPU.Build.0 = Debug|Any CPU
		{54F4FF8A-0053-4B05-B534-8A78C90804A3}.Release|Any CPU.ActiveCfg = Release|Any CPU
		{54F4FF8A-0053-4B05-B534-8A78C90804A3}.Release|Any CPU.Build.0 = Release|Any CPU
		{5270DD5A-5629-4603-899F-3C87AE7345DF}.Debug|Any CPU.ActiveCfg = Debug|Any CPU
		{5270DD5A-5629-4603-899F-3C87AE7345DF}.Debug|Any CPU.Build.0 = Debug|Any CPU
		{5270DD5A-5629-4603-899F-3C87AE7345DF}.Release|Any CPU.ActiveCfg = Release|Any CPU
		{5270DD5A-5629-4603-899F-3C87AE7345DF}.Release|Any CPU.Build.0 = Release|Any CPU
		{A69408BB-FB99-4FFA-AB1E-C75445D26D32}.Debug|Any CPU.ActiveCfg = Debug|Any CPU
		{A69408BB-FB99-4FFA-AB1E-C75445D26D32}.Debug|Any CPU.Build.0 = Debug|Any CPU
		{A69408BB-FB99-4FFA-AB1E-C75445D26D32}.Release|Any CPU.ActiveCfg = Release|Any CPU
		{A69408BB-FB99-4FFA-AB1E-C75445D26D32}.Release|Any CPU.Build.0 = Release|Any CPU
		{EC22FC37-8108-4C17-AD57-C6A4A947A800}.Debug|Any CPU.ActiveCfg = Debug|Any CPU
		{EC22FC37-8108-4C17-AD57-C6A4A947A800}.Debug|Any CPU.Build.0 = Debug|Any CPU
		{EC22FC37-8108-4C17-AD57-C6A4A947A800}.Release|Any CPU.ActiveCfg = Release|Any CPU
		{EC22FC37-8108-4C17-AD57-C6A4A947A800}.Release|Any CPU.Build.0 = Release|Any CPU
		{634CE467-CC39-4096-BEC2-C801EC2CC20E}.Debug|Any CPU.ActiveCfg = Debug|Any CPU
		{634CE467-CC39-4096-BEC2-C801EC2CC20E}.Debug|Any CPU.Build.0 = Debug|Any CPU
		{634CE467-CC39-4096-BEC2-C801EC2CC20E}.Release|Any CPU.ActiveCfg = Release|Any CPU
		{634CE467-CC39-4096-BEC2-C801EC2CC20E}.Release|Any CPU.Build.0 = Release|Any CPU
		{9040BE51-380F-4376-A403-BEDF2A6E12C8}.Debug|Any CPU.ActiveCfg = Debug|Any CPU
		{9040BE51-380F-4376-A403-BEDF2A6E12C8}.Debug|Any CPU.Build.0 = Debug|Any CPU
		{9040BE51-380F-4376-A403-BEDF2A6E12C8}.Release|Any CPU.ActiveCfg = Release|Any CPU
		{9040BE51-380F-4376-A403-BEDF2A6E12C8}.Release|Any CPU.Build.0 = Release|Any CPU
	EndGlobalSection
	GlobalSection(SolutionProperties) = preSolution
		HideSolutionNode = FALSE
	EndGlobalSection
	GlobalSection(ExtensibilityGlobals) = postSolution
		SolutionGuid = {4F7EB57E-AE22-4721-BE57-2A8146A96178}
	EndGlobalSection
EndGlobal
